// !$*UTF8*$!
{
	archiveVersion = 1;
	classes = {
	};
	objectVersion = 46;
	objects = {

/* Begin PBXBuildFile section */
		016CEEFC1A1C189200E723B1 /* InterfaceBuilderViewController.md in Sources */ = {isa = PBXBuildFile; fileRef = 016CEEFA1A1C12E800E723B1 /* InterfaceBuilderViewController.md */; };
		016CEEFD1A1C18BE00E723B1 /* Main.storyboard in Resources */ = {isa = PBXBuildFile; fileRef = 0194058D1A1BE04B00785F1E /* Main.storyboard */; };
		016CEEFE1A1C18BE00E723B1 /* LaunchScreen.xib in Resources */ = {isa = PBXBuildFile; fileRef = 019405921A1BE04B00785F1E /* LaunchScreen.xib */; };
		016CEEFF1A1C18BE00E723B1 /* InterfaceBuilderViewController.md in Resources */ = {isa = PBXBuildFile; fileRef = 016CEEFA1A1C12E800E723B1 /* InterfaceBuilderViewController.md */; };
		016CEF071A1C247A00E723B1 /* InterfaceBuilderViewController.xib in Resources */ = {isa = PBXBuildFile; fileRef = 016CEF091A1C247A00E723B1 /* InterfaceBuilderViewController.xib */; };
		019405861A1BE04B00785F1E /* main.m in Sources */ = {isa = PBXBuildFile; fileRef = 019405851A1BE04B00785F1E /* main.m */; };
		019405891A1BE04B00785F1E /* AppDelegate.m in Sources */ = {isa = PBXBuildFile; fileRef = 019405881A1BE04B00785F1E /* AppDelegate.m */; };
		0194058C1A1BE04B00785F1E /* ViewController.m in Sources */ = {isa = PBXBuildFile; fileRef = 0194058B1A1BE04B00785F1E /* ViewController.m */; };
		019405911A1BE04B00785F1E /* Images.xcassets in Resources */ = {isa = PBXBuildFile; fileRef = 019405901A1BE04B00785F1E /* Images.xcassets */; };
		019405A01A1BE04B00785F1E /* transientTests.m in Sources */ = {isa = PBXBuildFile; fileRef = 0194059F1A1BE04B00785F1E /* transientTests.m */; };
		019405AC1A1BE0DB00785F1E /* InterfaceBuilderViewController.m in Sources */ = {isa = PBXBuildFile; fileRef = 019405AA1A1BE0DB00785F1E /* InterfaceBuilderViewController.m */; };
		019405B11A1BE16300785F1E /* CustomView.m in Sources */ = {isa = PBXBuildFile; fileRef = 019405B01A1BE16300785F1E /* CustomView.m */; };
/* End PBXBuildFile section */

/* Begin PBXContainerItemProxy section */
		0194059A1A1BE04B00785F1E /* PBXContainerItemProxy */ = {
			isa = PBXContainerItemProxy;
			containerPortal = 019405781A1BE04B00785F1E /* Project object */;
			proxyType = 1;
			remoteGlobalIDString = 0194057F1A1BE04B00785F1E;
			remoteInfo = transient;
		};
/* End PBXContainerItemProxy section */

/* Begin PBXFileReference section */
		016CEEF91A1C11E200E723B1 /* Annotation.h */ = {isa = PBXFileReference; fileEncoding = 4; lastKnownFileType = sourcecode.c.h; path = Annotation.h; sourceTree = "<group>"; };
		016CEEFA1A1C12E800E723B1 /* InterfaceBuilderViewController.md */ = {isa = PBXFileReference; fileEncoding = 4; lastKnownFileType = net.daringfireball.markdown; path = InterfaceBuilderViewController.md; sourceTree = "<group>"; };
		016CEF061A1C244B00E723B1 /* en */ = {isa = PBXFileReference; lastKnownFileType = text.plist.strings; name = en; path = en.lproj/Main.strings; sourceTree = "<group>"; };
		016CEF081A1C247A00E723B1 /* Base */ = {isa = PBXFileReference; lastKnownFileType = file.xib; name = Base; path = Base.lproj/InterfaceBuilderViewController.xib; sourceTree = "<group>"; };
		016CEF0D1A1C277C00E723B1 /* en */ = {isa = PBXFileReference; lastKnownFileType = text.plist.strings; name = en; path = en.lproj/InterfaceBuilderViewController.strings; sourceTree = "<group>"; };
		019405801A1BE04B00785F1E /* transient.app */ = {isa = PBXFileReference; explicitFileType = wrapper.application; includeInIndex = 0; path = transient.app; sourceTree = BUILT_PRODUCTS_DIR; };
		019405841A1BE04B00785F1E /* Info.plist */ = {isa = PBXFileReference; lastKnownFileType = text.plist.xml; path = Info.plist; sourceTree = "<group>"; };
		019405851A1BE04B00785F1E /* main.m */ = {isa = PBXFileReference; lastKnownFileType = sourcecode.c.objc; path = main.m; sourceTree = "<group>"; };
		019405871A1BE04B00785F1E /* AppDelegate.h */ = {isa = PBXFileReference; lastKnownFileType = sourcecode.c.h; path = AppDelegate.h; sourceTree = "<group>"; };
		019405881A1BE04B00785F1E /* AppDelegate.m */ = {isa = PBXFileReference; lastKnownFileType = sourcecode.c.objc; path = AppDelegate.m; sourceTree = "<group>"; };
		0194058A1A1BE04B00785F1E /* ViewController.h */ = {isa = PBXFileReference; lastKnownFileType = sourcecode.c.h; path = ViewController.h; sourceTree = "<group>"; };
		0194058B1A1BE04B00785F1E /* ViewController.m */ = {isa = PBXFileReference; lastKnownFileType = sourcecode.c.objc; path = ViewController.m; sourceTree = "<group>"; };
		0194058E1A1BE04B00785F1E /* Base */ = {isa = PBXFileReference; lastKnownFileType = file.storyboard; name = Base; path = Base.lproj/Main.storyboard; sourceTree = "<group>"; };
		019405901A1BE04B00785F1E /* Images.xcassets */ = {isa = PBXFileReference; lastKnownFileType = folder.assetcatalog; path = Images.xcassets; sourceTree = "<group>"; };
		019405931A1BE04B00785F1E /* Base */ = {isa = PBXFileReference; lastKnownFileType = file.xib; name = Base; path = Base.lproj/LaunchScreen.xib; sourceTree = "<group>"; };
		019405991A1BE04B00785F1E /* transientTests.xctest */ = {isa = PBXFileReference; explicitFileType = wrapper.cfbundle; includeInIndex = 0; path = transientTests.xctest; sourceTree = BUILT_PRODUCTS_DIR; };
		0194059E1A1BE04B00785F1E /* Info.plist */ = {isa = PBXFileReference; lastKnownFileType = text.plist.xml; path = Info.plist; sourceTree = "<group>"; };
		0194059F1A1BE04B00785F1E /* transientTests.m */ = {isa = PBXFileReference; lastKnownFileType = sourcecode.c.objc; path = transientTests.m; sourceTree = "<group>"; };
		019405A91A1BE0DB00785F1E /* InterfaceBuilderViewController.h */ = {isa = PBXFileReference; fileEncoding = 4; lastKnownFileType = sourcecode.c.h; path = InterfaceBuilderViewController.h; sourceTree = "<group>"; };
		019405AA1A1BE0DB00785F1E /* InterfaceBuilderViewController.m */ = {isa = PBXFileReference; fileEncoding = 4; lastKnownFileType = sourcecode.c.objc; path = InterfaceBuilderViewController.m; sourceTree = "<group>"; };
		019405AF1A1BE16300785F1E /* CustomView.h */ = {isa = PBXFileReference; fileEncoding = 4; lastKnownFileType = sourcecode.c.h; path = CustomView.h; sourceTree = "<group>"; };
		019405B01A1BE16300785F1E /* CustomView.m */ = {isa = PBXFileReference; fileEncoding = 4; lastKnownFileType = sourcecode.c.objc; path = CustomView.m; sourceTree = "<group>"; };
/* End PBXFileReference section */

/* Begin PBXFrameworksBuildPhase section */
		0194057D1A1BE04B00785F1E /* Frameworks */ = {
			isa = PBXFrameworksBuildPhase;
			buildActionMask = 2147483647;
			files = (
			);
			runOnlyForDeploymentPostprocessing = 0;
		};
		019405961A1BE04B00785F1E /* Frameworks */ = {
			isa = PBXFrameworksBuildPhase;
			buildActionMask = 2147483647;
			files = (
			);
			runOnlyForDeploymentPostprocessing = 0;
		};
/* End PBXFrameworksBuildPhase section */

/* Begin PBXGroup section */
		019405771A1BE04B00785F1E = {
			isa = PBXGroup;
			children = (
				019405821A1BE04B00785F1E /* transient */,
				0194059C1A1BE04B00785F1E /* transientTests */,
				019405811A1BE04B00785F1E /* Products */,
			);
			indentWidth = 4;
			sourceTree = "<group>";
			tabWidth = 4;
			usesTabs = 0;
		};
		019405811A1BE04B00785F1E /* Products */ = {
			isa = PBXGroup;
			children = (
				019405801A1BE04B00785F1E /* transient.app */,
				019405991A1BE04B00785F1E /* transientTests.xctest */,
			);
			name = Products;
			sourceTree = "<group>";
		};
		019405821A1BE04B00785F1E /* transient */ = {
			isa = PBXGroup;
			children = (
				019405871A1BE04B00785F1E /* AppDelegate.h */,
				019405881A1BE04B00785F1E /* AppDelegate.m */,
				0194058A1A1BE04B00785F1E /* ViewController.h */,
				0194058B1A1BE04B00785F1E /* ViewController.m */,
				0194058D1A1BE04B00785F1E /* Main.storyboard */,
				019405901A1BE04B00785F1E /* Images.xcassets */,
				019405921A1BE04B00785F1E /* LaunchScreen.xib */,
				019405831A1BE04B00785F1E /* Supporting Files */,
				019405AE1A1BE0E100785F1E /* Interface Builder */,
				016CEEF91A1C11E200E723B1 /* Annotation.h */,
			);
			path = transient;
			sourceTree = "<group>";
		};
		019405831A1BE04B00785F1E /* Supporting Files */ = {
			isa = PBXGroup;
			children = (
				019405841A1BE04B00785F1E /* Info.plist */,
				019405851A1BE04B00785F1E /* main.m */,
			);
			name = "Supporting Files";
			sourceTree = "<group>";
		};
		0194059C1A1BE04B00785F1E /* transientTests */ = {
			isa = PBXGroup;
			children = (
				0194059F1A1BE04B00785F1E /* transientTests.m */,
				0194059D1A1BE04B00785F1E /* Supporting Files */,
			);
			path = transientTests;
			sourceTree = "<group>";
		};
		0194059D1A1BE04B00785F1E /* Supporting Files */ = {
			isa = PBXGroup;
			children = (
				0194059E1A1BE04B00785F1E /* Info.plist */,
			);
			name = "Supporting Files";
			sourceTree = "<group>";
		};
		019405AE1A1BE0E100785F1E /* Interface Builder */ = {
			isa = PBXGroup;
			children = (
				019405A91A1BE0DB00785F1E /* InterfaceBuilderViewController.h */,
				019405AA1A1BE0DB00785F1E /* InterfaceBuilderViewController.m */,
				016CEF091A1C247A00E723B1 /* InterfaceBuilderViewController.xib */,
				019405AF1A1BE16300785F1E /* CustomView.h */,
				019405B01A1BE16300785F1E /* CustomView.m */,
				016CEEFA1A1C12E800E723B1 /* InterfaceBuilderViewController.md */,
			);
			name = "Interface Builder";
			sourceTree = "<group>";
		};
/* End PBXGroup section */

/* Begin PBXNativeTarget section */
		0194057F1A1BE04B00785F1E /* transient */ = {
			isa = PBXNativeTarget;
			buildConfigurationList = 019405A31A1BE04B00785F1E /* Build configuration list for PBXNativeTarget "transient" */;
			buildPhases = (
				0194057C1A1BE04B00785F1E /* Sources */,
				0194057D1A1BE04B00785F1E /* Frameworks */,
				0194057E1A1BE04B00785F1E /* Resources */,
				7C6990D7E05BDBA665D1C3AB /* Warn for TODO and FIXME comments */,
			);
			buildRules = (
			);
			dependencies = (
			);
			name = transient;
			productName = transient;
			productReference = 019405801A1BE04B00785F1E /* transient.app */;
			productType = "com.apple.product-type.application";
		};
		019405981A1BE04B00785F1E /* transientTests */ = {
			isa = PBXNativeTarget;
			buildConfigurationList = 019405A61A1BE04B00785F1E /* Build configuration list for PBXNativeTarget "transientTests" */;
			buildPhases = (
				019405951A1BE04B00785F1E /* Sources */,
				019405961A1BE04B00785F1E /* Frameworks */,
				019405971A1BE04B00785F1E /* Resources */,
			);
			buildRules = (
			);
			dependencies = (
				0194059B1A1BE04B00785F1E /* PBXTargetDependency */,
			);
			name = transientTests;
			productName = transientTests;
			productReference = 019405991A1BE04B00785F1E /* transientTests.xctest */;
			productType = "com.apple.product-type.bundle.unit-test";
		};
/* End PBXNativeTarget section */

/* Begin PBXProject section */
		019405781A1BE04B00785F1E /* Project object */ = {
			isa = PBXProject;
			attributes = {
				LastUpgradeCheck = 0610;
				ORGANIZATIONNAME = "François Benaiteau";
				TargetAttributes = {
					0194057F1A1BE04B00785F1E = {
						CreatedOnToolsVersion = 6.1;
					};
					019405981A1BE04B00785F1E = {
						CreatedOnToolsVersion = 6.1;
						TestTargetID = 0194057F1A1BE04B00785F1E;
					};
				};
			};
			buildConfigurationList = 0194057B1A1BE04B00785F1E /* Build configuration list for PBXProject "transient" */;
			compatibilityVersion = "Xcode 3.2";
			developmentRegion = English;
			hasScannedForEncodings = 0;
			knownRegions = (
				en,
				Base,
			);
			mainGroup = 019405771A1BE04B00785F1E;
			productRefGroup = 019405811A1BE04B00785F1E /* Products */;
			projectDirPath = "";
			projectRoot = "";
			targets = (
				0194057F1A1BE04B00785F1E /* transient */,
				019405981A1BE04B00785F1E /* transientTests */,
			);
		};
/* End PBXProject section */

/* Begin PBXResourcesBuildPhase section */
		0194057E1A1BE04B00785F1E /* Resources */ = {
			isa = PBXResourcesBuildPhase;
			buildActionMask = 2147483647;
			files = (
				016CEEFD1A1C18BE00E723B1 /* Main.storyboard in Resources */,
				016CEEFE1A1C18BE00E723B1 /* LaunchScreen.xib in Resources */,
				016CEEFF1A1C18BE00E723B1 /* InterfaceBuilderViewController.md in Resources */,
				016CEF071A1C247A00E723B1 /* InterfaceBuilderViewController.xib in Resources */,
				019405911A1BE04B00785F1E /* Images.xcassets in Resources */,
			);
			runOnlyForDeploymentPostprocessing = 0;
		};
		019405971A1BE04B00785F1E /* Resources */ = {
			isa = PBXResourcesBuildPhase;
			buildActionMask = 2147483647;
			files = (
			);
			runOnlyForDeploymentPostprocessing = 0;
		};
/* End PBXResourcesBuildPhase section */

/* Begin PBXShellScriptBuildPhase section */
		7C6990D7E05BDBA665D1C3AB /* Warn for TODO and FIXME comments */ = {
			isa = PBXShellScriptBuildPhase;
			buildActionMask = 2147483647;
			files = (
			);
			inputPaths = (
			);
			name = "Warn for TODO and FIXME comments";
			outputPaths = (
			);
			runOnlyForDeploymentPostprocessing = 0;
			shellPath = /bin/sh;
			shellScript = "KEYWORDS=\"TODO:|FIXME:|\\?\\?\\?:|\\!\\!\\!:\"\nFILE_EXTENSIONS=\"h|m|mm|c|cpp\"\nfind -E \"${SRCROOT}\" -ipath \"${SRCROOT}/pods\" -prune -o \\( -regex \".*\\.($FILE_EXTENSIONS)$\" \\) -print0 | xargs -0 egrep --with-filename --line-number --only-matching \"($KEYWORDS).*\\$\" | perl -p -e \"s/($KEYWORDS)/ warning: \\$1/\"\n";
		};
/* End PBXShellScriptBuildPhase section */

/* Begin PBXSourcesBuildPhase section */
		0194057C1A1BE04B00785F1E /* Sources */ = {
			isa = PBXSourcesBuildPhase;
			buildActionMask = 2147483647;
			files = (
				019405B11A1BE16300785F1E /* CustomView.m in Sources */,
				019405AC1A1BE0DB00785F1E /* InterfaceBuilderViewController.m in Sources */,
				0194058C1A1BE04B00785F1E /* ViewController.m in Sources */,
				016CEEFC1A1C189200E723B1 /* InterfaceBuilderViewController.md in Sources */,
				019405891A1BE04B00785F1E /* AppDelegate.m in Sources */,
				019405861A1BE04B00785F1E /* main.m in Sources */,
			);
			runOnlyForDeploymentPostprocessing = 0;
		};
		019405951A1BE04B00785F1E /* Sources */ = {
			isa = PBXSourcesBuildPhase;
			buildActionMask = 2147483647;
			files = (
				019405A01A1BE04B00785F1E /* transientTests.m in Sources */,
			);
			runOnlyForDeploymentPostprocessing = 0;
		};
/* End PBXSourcesBuildPhase section */

/* Begin PBXTargetDependency section */
		0194059B1A1BE04B00785F1E /* PBXTargetDependency */ = {
			isa = PBXTargetDependency;
			target = 0194057F1A1BE04B00785F1E /* transient */;
			targetProxy = 0194059A1A1BE04B00785F1E /* PBXContainerItemProxy */;
		};
/* End PBXTargetDependency section */

/* Begin PBXVariantGroup section */
		016CEF091A1C247A00E723B1 /* InterfaceBuilderViewController.xib */ = {
			isa = PBXVariantGroup;
			children = (
				016CEF081A1C247A00E723B1 /* Base */,
				016CEF0D1A1C277C00E723B1 /* en */,
			);
			name = InterfaceBuilderViewController.xib;
			sourceTree = "<group>";
		};
		0194058D1A1BE04B00785F1E /* Main.storyboard */ = {
			isa = PBXVariantGroup;
			children = (
				0194058E1A1BE04B00785F1E /* Base */,
				016CEF061A1C244B00E723B1 /* en */,
			);
			name = Main.storyboard;
			sourceTree = "<group>";
		};
		019405921A1BE04B00785F1E /* LaunchScreen.xib */ = {
			isa = PBXVariantGroup;
			children = (
				019405931A1BE04B00785F1E /* Base */,
			);
			name = LaunchScreen.xib;
			sourceTree = "<group>";
		};
/* End PBXVariantGroup section */

/* Begin XCBuildConfiguration section */
		019405A11A1BE04B00785F1E /* Debug */ = {
			isa = XCBuildConfiguration;
			buildSettings = {
				ALWAYS_SEARCH_USER_PATHS = NO;
				CLANG_CXX_LANGUAGE_STANDARD = "gnu++0x";
				CLANG_CXX_LIBRARY = "libc++";
				CLANG_ENABLE_MODULES = YES;
				CLANG_ENABLE_OBJC_ARC = YES;
				CLANG_WARN_BOOL_CONVERSION = YES;
				CLANG_WARN_CONSTANT_CONVERSION = YES;
				CLANG_WARN_DEPRECATED_OBJC_IMPLEMENTATIONS = YES;
				CLANG_WARN_DIRECT_OBJC_ISA_USAGE = YES_ERROR;
				CLANG_WARN_EMPTY_BODY = YES;
				CLANG_WARN_ENUM_CONVERSION = YES;
				CLANG_WARN_IMPLICIT_SIGN_CONVERSION = YES;
				CLANG_WARN_INT_CONVERSION = YES;
				CLANG_WARN_OBJC_IMPLICIT_RETAIN_SELF = YES;
				CLANG_WARN_OBJC_ROOT_CLASS = YES_ERROR;
				CLANG_WARN_SUSPICIOUS_IMPLICIT_CONVERSION = YES;
				CLANG_WARN_UNREACHABLE_CODE = YES;
				CLANG_WARN__DUPLICATE_METHOD_MATCH = YES;
				"CODE_SIGN_IDENTITY[sdk=iphoneos*]" = "iPhone Developer";
				COPY_PHASE_STRIP = NO;
				ENABLE_STRICT_OBJC_MSGSEND = YES;
				GCC_C_LANGUAGE_STANDARD = gnu99;
				GCC_DYNAMIC_NO_PIC = NO;
				GCC_OPTIMIZATION_LEVEL = 0;
				GCC_PREPROCESSOR_DEFINITIONS = (
					"DEBUG=1",
					"$(inherited)",
				);
				GCC_SYMBOLS_PRIVATE_EXTERN = NO;
				GCC_WARN_64_TO_32_BIT_CONVERSION = YES;
				GCC_WARN_ABOUT_DEPRECATED_FUNCTIONS = YES;
				GCC_WARN_ABOUT_MISSING_FIELD_INITIALIZERS = YES;
				GCC_WARN_ABOUT_MISSING_NEWLINE = YES;
				GCC_WARN_ABOUT_RETURN_TYPE = YES;
				GCC_WARN_CHECK_SWITCH_STATEMENTS = YES;
				GCC_WARN_INITIALIZER_NOT_FULLY_BRACKETED = YES;
				GCC_WARN_MISSING_PARENTHESES = YES;
				GCC_WARN_SHADOW = YES;
				GCC_WARN_SIGN_COMPARE = YES;
				GCC_WARN_TYPECHECK_CALLS_TO_PRINTF = YES;
				GCC_WARN_UNDECLARED_SELECTOR = YES;
				GCC_WARN_UNINITIALIZED_AUTOS = YES_AGGRESSIVE;
				GCC_WARN_UNUSED_FUNCTION = YES;
				GCC_WARN_UNUSED_LABEL = YES;
				GCC_WARN_UNUSED_VALUE = YES;
				GCC_WARN_UNUSED_VARIABLE = YES;
				IPHONEOS_DEPLOYMENT_TARGET = 8.1;
				MTL_ENABLE_DEBUG_INFO = YES;
				ONLY_ACTIVE_ARCH = YES;
				RUN_CLANG_STATIC_ANALYZER = YES;
				SDKROOT = iphoneos;
			};
			name = Debug;
		};
		019405A21A1BE04B00785F1E /* Release */ = {
			isa = XCBuildConfiguration;
			buildSettings = {
				ALWAYS_SEARCH_USER_PATHS = NO;
				CLANG_CXX_LANGUAGE_STANDARD = "gnu++0x";
				CLANG_CXX_LIBRARY = "libc++";
				CLANG_ENABLE_MODULES = YES;
				CLANG_ENABLE_OBJC_ARC = YES;
				CLANG_WARN_BOOL_CONVERSION = YES;
				CLANG_WARN_CONSTANT_CONVERSION = YES;
				CLANG_WARN_DEPRECATED_OBJC_IMPLEMENTATIONS = YES;
				CLANG_WARN_DIRECT_OBJC_ISA_USAGE = YES_ERROR;
				CLANG_WARN_EMPTY_BODY = YES;
				CLANG_WARN_ENUM_CONVERSION = YES;
				CLANG_WARN_IMPLICIT_SIGN_CONVERSION = YES;
				CLANG_WARN_INT_CONVERSION = YES;
				CLANG_WARN_OBJC_IMPLICIT_RETAIN_SELF = YES;
				CLANG_WARN_OBJC_ROOT_CLASS = YES_ERROR;
				CLANG_WARN_SUSPICIOUS_IMPLICIT_CONVERSION = YES;
				CLANG_WARN_UNREACHABLE_CODE = YES;
				CLANG_WARN__DUPLICATE_METHOD_MATCH = YES;
				"CODE_SIGN_IDENTITY[sdk=iphoneos*]" = "iPhone Developer";
				COPY_PHASE_STRIP = YES;
				ENABLE_NS_ASSERTIONS = NO;
				ENABLE_STRICT_OBJC_MSGSEND = YES;
				GCC_C_LANGUAGE_STANDARD = gnu99;
				GCC_WARN_64_TO_32_BIT_CONVERSION = YES;
				GCC_WARN_ABOUT_DEPRECATED_FUNCTIONS = YES;
				GCC_WARN_ABOUT_MISSING_FIELD_INITIALIZERS = YES;
				GCC_WARN_ABOUT_MISSING_NEWLINE = YES;
				GCC_WARN_ABOUT_RETURN_TYPE = YES;
				GCC_WARN_CHECK_SWITCH_STATEMENTS = YES;
				GCC_WARN_INITIALIZER_NOT_FULLY_BRACKETED = YES;
				GCC_WARN_MISSING_PARENTHESES = YES;
				GCC_WARN_SHADOW = YES;
				GCC_WARN_SIGN_COMPARE = YES;
				GCC_WARN_TYPECHECK_CALLS_TO_PRINTF = YES;
				GCC_WARN_UNDECLARED_SELECTOR = YES;
				GCC_WARN_UNINITIALIZED_AUTOS = YES_AGGRESSIVE;
				GCC_WARN_UNUSED_FUNCTION = YES;
				GCC_WARN_UNUSED_LABEL = YES;
				GCC_WARN_UNUSED_VALUE = YES;
				GCC_WARN_UNUSED_VARIABLE = YES;
				IPHONEOS_DEPLOYMENT_TARGET = 8.1;
				MTL_ENABLE_DEBUG_INFO = NO;
				RUN_CLANG_STATIC_ANALYZER = YES;
				SDKROOT = iphoneos;
				VALIDATE_PRODUCT = YES;
			};
			name = Release;
		};
		019405A41A1BE04B00785F1E /* Debug */ = {
			isa = XCBuildConfiguration;
			buildSettings = {
				ASSETCATALOG_COMPILER_APPICON_NAME = AppIcon;
				INFOPLIST_FILE = transient/Info.plist;
				LD_RUNPATH_SEARCH_PATHS = "$(inherited) @executable_path/Frameworks";
				PRODUCT_NAME = "$(TARGET_NAME)";
			};
			name = Debug;
		};
		019405A51A1BE04B00785F1E /* Release */ = {
			isa = XCBuildConfiguration;
			buildSettings = {
				ASSETCATALOG_COMPILER_APPICON_NAME = AppIcon;
				GCC_TREAT_WARNINGS_AS_ERRORS = YES;
				INFOPLIST_FILE = transient/Info.plist;
				LD_RUNPATH_SEARCH_PATHS = "$(inherited) @executable_path/Frameworks";
				PRODUCT_NAME = "$(TARGET_NAME)";
			};
			name = Release;
		};
		019405A71A1BE04B00785F1E /* Debug */ = {
			isa = XCBuildConfiguration;
			buildSettings = {
				BUNDLE_LOADER = "$(TEST_HOST)";
				FRAMEWORK_SEARCH_PATHS = (
					"$(SDKROOT)/Developer/Library/Frameworks",
					"$(inherited)",
				);
				GCC_PREPROCESSOR_DEFINITIONS = (
					"DEBUG=1",
					"$(inherited)",
				);
				INFOPLIST_FILE = transientTests/Info.plist;
				LD_RUNPATH_SEARCH_PATHS = "$(inherited) @executable_path/Frameworks @loader_path/Frameworks";
				PRODUCT_NAME = "$(TARGET_NAME)";
				TEST_HOST = "$(BUILT_PRODUCTS_DIR)/transient.app/transient";
			};
			name = Debug;
		};
		019405A81A1BE04B00785F1E /* Release */ = {
			isa = XCBuildConfiguration;
			buildSettings = {
				BUNDLE_LOADER = "$(TEST_HOST)";
				FRAMEWORK_SEARCH_PATHS = (
					"$(SDKROOT)/Developer/Library/Frameworks",
					"$(inherited)",
				);
				INFOPLIST_FILE = transientTests/Info.plist;
				LD_RUNPATH_SEARCH_PATHS = "$(inherited) @executable_path/Frameworks @loader_path/Frameworks";
				PRODUCT_NAME = "$(TARGET_NAME)";
				TEST_HOST = "$(BUILT_PRODUCTS_DIR)/transient.app/transient";
			};
			name = Release;
		};
/* End XCBuildConfiguration section */

/* Begin XCConfigurationList section */
		0194057B1A1BE04B00785F1E /* Build configuration list for PBXProject "transient" */ = {
			isa = XCConfigurationList;
			buildConfigurations = (
				019405A11A1BE04B00785F1E /* Debug */,
				019405A21A1BE04B00785F1E /* Release */,
			);
			defaultConfigurationIsVisible = 0;
			defaultConfigurationName = Release;
		};
		019405A31A1BE04B00785F1E /* Build configuration list for PBXNativeTarget "transient" */ = {
			isa = XCConfigurationList;
			buildConfigurations = (
				019405A41A1BE04B00785F1E /* Debug */,
				019405A51A1BE04B00785F1E /* Release */,
			);
			defaultConfigurationIsVisible = 0;
			defaultConfigurationName = Release;
		};
		019405A61A1BE04B00785F1E /* Build configuration list for PBXNativeTarget "transientTests" */ = {
			isa = XCConfigurationList;
			buildConfigurations = (
				019405A71A1BE04B00785F1E /* Debug */,
				019405A81A1BE04B00785F1E /* Release */,
			);
			defaultConfigurationIsVisible = 0;
			defaultConfigurationName = Release;
		};
/* End XCConfigurationList section */
	};
	rootObject = 019405781A1BE04B00785F1E /* Project object */;
}
